
Microsoft Visual Studio Solution File, Format Version 12.00
# Visual Studio Version 16
VisualStudioVersion = 16.0.31019.35
MinimumVisualStudioVersion = 10.0.40219.1
Project("{FAE04EC0-301F-11D3-BF4B-00C04F79EFBC}") = "ConsoleApp6", "ConsoleApp6\ConsoleApp6.csproj", "{0A69D825-747D-40F1-9293-C1E73234DC30}"
EndProject
Global
	GlobalSection(SolutionConfigurationPlatforms) = preSolution
		Debug|Any CPU = Debug|Any CPU
		Release|Any CPU = Release|Any CPU
	EndGlobalSection
	GlobalSection(ProjectConfigurationPlatforms) = postSolution
		{0A69D825-747D-40F1-9293-C1E73234DC30}.Debug|Any CPU.ActiveCfg = Debug|Any CPU
		{0A69D825-747D-40F1-9293-C1E73234DC30}.Debug|Any CPU.Build.0 = Debug|Any CPU
		{0A69D825-747D-40F1-9293-C1E73234DC30}.Release|Any CPU.ActiveCfg = Release|Any CPU
		{0A69D825-747D-40F1-9293-C1E73234DC30}.Release|Any CPU.Build.0 = Release|Any CPU
	EndGlobalSection
	GlobalSection(SolutionProperties) = preSolution
		HideSolutionNode = FALSE
	EndGlobalSection
	GlobalSection(ExtensibilityGlobals) = postSolution
		SolutionGuid = {FD60DD47-08A1-4CEA-8C44-5828EE36DB94}
	EndGlobalSection
EndGlobal
